
Microsoft Visual Studio Solution File, Format Version 12.00
# Visual Studio Version 17
VisualStudioVersion = 17.3.32929.385
MinimumVisualStudioVersion = 10.0.40219.1
Project("{FAE04EC0-301F-11D3-BF4B-00C04F79EFBC}") = "Online-School-Management-System", "Online-School-Management-System.csproj", "{B2085117-9322-434E-BB3D-2A943A7A1819}"
EndProject
Global
	GlobalSection(SolutionConfigurationPlatforms) = preSolution
		Debug|Any CPU = Debug|Any CPU
		Release|Any CPU = Release|Any CPU
	EndGlobalSection
	GlobalSection(ProjectConfigurationPlatforms) = postSolution
		{B2085117-9322-434E-BB3D-2A943A7A1819}.Debug|Any CPU.ActiveCfg = Debug|Any CPU
		{B2085117-9322-434E-BB3D-2A943A7A1819}.Debug|Any CPU.Build.0 = Debug|Any CPU
		{B2085117-9322-434E-BB3D-2A943A7A1819}.Release|Any CPU.ActiveCfg = Release|Any CPU
		{B2085117-9322-434E-BB3D-2A943A7A1819}.Release|Any CPU.Build.0 = Release|Any CPU
	EndGlobalSection
	GlobalSection(SolutionProperties) = preSolution
		HideSolutionNode = FALSE
	EndGlobalSection
	GlobalSection(ExtensibilityGlobals) = postSolution
		SolutionGuid = {E1C4D692-DF1E-454E-9B56-49A2AB621360}
	EndGlobalSection
EndGlobal
